
Microsoft Visual Studio Solution File, Format Version 12.00
# Visual Studio Version 17
VisualStudioVersion = 17.5.33516.290
MinimumVisualStudioVersion = 10.0.40219.1
Project("{8BC9CEB8-8B4A-11D0-8D11-00A0C91BC942}") = "Programming Nuggets", "Programming Nuggets.vcxproj", "{4CB179A9-79B6-4F6E-BB16-F7C53737BBFC}"
EndProject
Project("{8BC9CEB8-8B4A-11D0-8D11-00A0C91BC942}") = "Imgui", "..\Imgui\Imgui.vcxproj", "{05DBBB9C-612E-484E-94F3-92CB5B22B30E}"
EndProject
Global
	GlobalSection(SolutionConfigurationPlatforms) = preSolution
		Debug|x64 = Debug|x64
		Debug|x86 = Debug|x86
		Release|x64 = Release|x64
		Release|x86 = Release|x86
	EndGlobalSection
	GlobalSection(ProjectConfigurationPlatforms) = postSolution
		{4CB179A9-79B6-4F6E-BB16-F7C53737BBFC}.Debug|x64.ActiveCfg = Debug|x64
		{4CB179A9-79B6-4F6E-BB16-F7C53737BBFC}.Debug|x64.Build.0 = Debug|x64
		{4CB179A9-79B6-4F6E-BB16-F7C53737BBFC}.Debug|x86.ActiveCfg = Debug|Win32
		{4CB179A9-79B6-4F6E-BB16-F7C53737BBFC}.Debug|x86.Build.0 = Debug|Win32
		{4CB179A9-79B6-4F6E-BB16-F7C53737BBFC}.Release|x64.ActiveCfg = Release|x64
		{4CB179A9-79B6-4F6E-BB16-F7C53737BBFC}.Release|x64.Build.0 = Release|x64
		{4CB179A9-79B6-4F6E-BB16-F7C53737BBFC}.Release|x86.ActiveCfg = Release|Win32
		{4CB179A9-79B6-4F6E-BB16-F7C53737BBFC}.Release|x86.Build.0 = Release|Win32
		{05DBBB9C-612E-484E-94F3-92CB5B22B30E}.Debug|x64.ActiveCfg = Debug|x64
		{05DBBB9C-612E-484E-94F3-92CB5B22B30E}.Debug|x64.Build.0 = Debug|x64
		{05DBBB9C-612E-484E-94F3-92CB5B22B30E}.Debug|x86.ActiveCfg = Debug|Win32
		{05DBBB9C-612E-484E-94F3-92CB5B22B30E}.Debug|x86.Build.0 = Debug|Win32
		{05DBBB9C-612E-484E-94F3-92CB5B22B30E}.Release|x64.ActiveCfg = Release|x64
		{05DBBB9C-612E-484E-94F3-92CB5B22B30E}.Release|x64.Build.0 = Release|x64
		{05DBBB9C-612E-484E-94F3-92CB5B22B30E}.Release|x86.ActiveCfg = Release|Win32
		{05DBBB9C-612E-484E-94F3-92CB5B22B30E}.Release|x86.Build.0 = Release|Win32
	EndGlobalSection
	GlobalSection(SolutionProperties) = preSolution
		HideSolutionNode = FALSE
	EndGlobalSection
	GlobalSection(ExtensibilityGlobals) = postSolution
		SolutionGuid = {F20F9930-0CDF-4358-AD3B-CD9E2AC93E83}
	EndGlobalSection
EndGlobal
